<?xml version="1.0" encoding="utf-8"?>
<Project ToolsVersion="4.0" xmlns="http://schemas.microsoft.com/developer/msbuild/2003">
  <ItemGroup>
    <Filter Include="Source Files">
      <UniqueIdentifier>{4FC737F1-C7A5-4376-A066-2A32D752A2FF}</UniqueIdentifier>
      <Extensions>cpp;c;cc;cxx;c++;cppm;ixx;def;odl;idl;hpj;bat;asm;asmx</Extensions>
    </Filter>
    <Filter Include="Header Files">
      <UniqueIdentifier>{93995380-89BD-4b04-88EB-625FBE52EBFB}</UniqueIdentifier>
      <Extensions>h;hh;hpp;hxx;h++;hm;inl;inc;ipp;xsd</Extensions>
    </Filter>
    <Filter Include="Resource Files">
      <UniqueIdentifier>{67DA6AB6-F800-4c08-8B7A-83BB121AAD01}</UniqueIdentifier>
      <Extensions>rc;ico;cur;bmp;dlg;rc2;rct;bin;rgs;gif;jpg;jpeg;jpe;resx;tiff;tif;png;wav;mfcribbon-ms</Extensions>
    </Filter>
    <Filter Include="Source Files\FrontEnd">
      <UniqueIdentifier>{623925d5-85b9-4f36-8414-c3f8770352f3}</UniqueIdentifier>
    </Filter>
    <Filter Include="Source Files\DB">
      <UniqueIdentifier>{ff87c3dc-b144-48d3-a95c-b0b6c764bc9f}</UniqueIdentifier>
    </Filter>
    <Filter Include="Source Files\DB\Sqlite">
      <UniqueIdentifier>{c52fb377-198f-4cf4-924f-89a5d2c3354c}</UniqueIdentifier>
    </Filter>
  </ItemGroup>
  <ItemGroup>
    <ClCompile Include="http.ixx">
      <Filter>Source Files</Filter>
    </ClCompile>
    <ClCompile Include="httpRestServer-main.cpp">
      <Filter>Source Files</Filter>
    </ClCompile>
    <ClCompile Include="json.ixx">
      <Filter>Source Files</Filter>
    </ClCompile>
    <ClCompile Include="logger.ixx">
      <Filter>Source Files</Filter>
    </ClCompile>
    <ClCompile Include="os.ixx">
      <Filter>Source Files</Filter>
    </ClCompile>
    <ClCompile Include="threadpool.ixx">
      <Filter>Source Files</Filter>
    </ClCompile>
    <ClCompile Include="userHandler.ixx">
      <Filter>Source Files</Filter>
    </ClCompile>
    <ClCompile Include="DB\Sqlite\sqlite.ixx">
      <Filter>Source Files\DB\Sqlite</Filter>
    </ClCompile>
    <ClCompile Include="DB\Sqlite\sqlite3.c">
      <Filter>Source Files\DB\Sqlite</Filter>
    </ClCompile>
    <ClCompile Include="DB\db.ixx">
      <Filter>Source Files\DB</Filter>
    </ClCompile>
  </ItemGroup>
  <ItemGroup>
    <None Include="FrontEnd\index.html">
      <Filter>Source Files\FrontEnd</Filter>
    </None>
  </ItemGroup>
</Project>